
Microsoft Visual Studio Solution File, Format Version 12.00
# Visual Studio Version 17
VisualStudioVersion = 17.5.33516.290
MinimumVisualStudioVersion = 10.0.40219.1
Project("{FAE04EC0-301F-11D3-BF4B-00C04F79EFBC}") = "Notifications", "Notifications\Notifications.csproj", "{76B51DA8-7EE4-46E6-A21D-F31EF638C5EF}"
EndProject
Project("{FAE04EC0-301F-11D3-BF4B-00C04F79EFBC}") = "SampleApp", "SampleApp\SampleApp.csproj", "{A021EA1B-4315-45E2-A570-F745CF26C3F3}"
EndProject
Global
	GlobalSection(SolutionConfigurationPlatforms) = preSolution
		Debug|Any CPU = Debug|Any CPU
		Release|Any CPU = Release|Any CPU
	EndGlobalSection
	GlobalSection(ProjectConfigurationPlatforms) = postSolution
		{76B51DA8-7EE4-46E6-A21D-F31EF638C5EF}.Debug|Any CPU.ActiveCfg = Debug|Any CPU
		{76B51DA8-7EE4-46E6-A21D-F31EF638C5EF}.Debug|Any CPU.Build.0 = Debug|Any CPU
		{76B51DA8-7EE4-46E6-A21D-F31EF638C5EF}.Release|Any CPU.ActiveCfg = Release|Any CPU
		{76B51DA8-7EE4-46E6-A21D-F31EF638C5EF}.Release|Any CPU.Build.0 = Release|Any CPU
		{A021EA1B-4315-45E2-A570-F745CF26C3F3}.Debug|Any CPU.ActiveCfg = Debug|Any CPU
		{A021EA1B-4315-45E2-A570-F745CF26C3F3}.Debug|Any CPU.Build.0 = Debug|Any CPU
		{A021EA1B-4315-45E2-A570-F745CF26C3F3}.Debug|Any CPU.Deploy.0 = Debug|Any CPU
		{A021EA1B-4315-45E2-A570-F745CF26C3F3}.Release|Any CPU.ActiveCfg = Release|Any CPU
		{A021EA1B-4315-45E2-A570-F745CF26C3F3}.Release|Any CPU.Build.0 = Release|Any CPU
		{A021EA1B-4315-45E2-A570-F745CF26C3F3}.Release|Any CPU.Deploy.0 = Release|Any CPU
	EndGlobalSection
	GlobalSection(SolutionProperties) = preSolution
		HideSolutionNode = FALSE
	EndGlobalSection
	GlobalSection(ExtensibilityGlobals) = postSolution
		SolutionGuid = {1E64476D-63B8-4287-9718-ECBABB7F4D48}
	EndGlobalSection
EndGlobal
