
Microsoft Visual Studio Solution File, Format Version 12.00
# Visual Studio Version 17
VisualStudioVersion = 17.0.31611.283
MinimumVisualStudioVersion = 10.0.40219.1
Project("{9A19103F-16F7-4668-BE54-9A1E7A4F7556}") = "ConnectionsMaui", "ConnectionsMaui\ConnectionsMaui.csproj", "{00B7E062-383B-4CFA-84AF-0D0924CE0903}"
EndProject
Project("{9A19103F-16F7-4668-BE54-9A1E7A4F7556}") = "TrackerConnector", "TrackerConnector\TrackerConnector.csproj", "{C5213771-2536-41C0-A26B-8315E6B26E16}"
EndProject
Project("{9A19103F-16F7-4668-BE54-9A1E7A4F7556}") = "FaceCam.Tests", "FaceCam.Tests\FaceCam.Tests.csproj", "{F6A5FBC8-11AB-4E68-9225-51006426BDAA}"
EndProject
Project("{9A19103F-16F7-4668-BE54-9A1E7A4F7556}") = "ConnectionsMaui.Tests", "ConnectionsMaui.Tests\ConnectionsMaui.Tests.csproj", "{65243031-B827-4F62-8F38-B09C46159866}"
EndProject
Project("{9A19103F-16F7-4668-BE54-9A1E7A4F7556}") = "FaceCam", "FaceCam\FaceCam.csproj", "{4233ECAE-E29C-4068-8CB3-F77996526D96}"
EndProject
Global
	GlobalSection(SolutionConfigurationPlatforms) = preSolution
		Debug|Any CPU = Debug|Any CPU
		Release|Any CPU = Release|Any CPU
	EndGlobalSection
	GlobalSection(ProjectConfigurationPlatforms) = postSolution
		{00B7E062-383B-4CFA-84AF-0D0924CE0903}.Debug|Any CPU.ActiveCfg = Debug|Any CPU
		{00B7E062-383B-4CFA-84AF-0D0924CE0903}.Debug|Any CPU.Build.0 = Debug|Any CPU
		{00B7E062-383B-4CFA-84AF-0D0924CE0903}.Release|Any CPU.ActiveCfg = Release|Any CPU
		{00B7E062-383B-4CFA-84AF-0D0924CE0903}.Release|Any CPU.Build.0 = Release|Any CPU
		{C5213771-2536-41C0-A26B-8315E6B26E16}.Debug|Any CPU.ActiveCfg = Debug|Any CPU
		{C5213771-2536-41C0-A26B-8315E6B26E16}.Debug|Any CPU.Build.0 = Debug|Any CPU
		{C5213771-2536-41C0-A26B-8315E6B26E16}.Release|Any CPU.ActiveCfg = Release|Any CPU
		{C5213771-2536-41C0-A26B-8315E6B26E16}.Release|Any CPU.Build.0 = Release|Any CPU
		{F6A5FBC8-11AB-4E68-9225-51006426BDAA}.Debug|Any CPU.ActiveCfg = Debug|Any CPU
		{F6A5FBC8-11AB-4E68-9225-51006426BDAA}.Debug|Any CPU.Build.0 = Debug|Any CPU
		{F6A5FBC8-11AB-4E68-9225-51006426BDAA}.Release|Any CPU.ActiveCfg = Release|Any CPU
		{F6A5FBC8-11AB-4E68-9225-51006426BDAA}.Release|Any CPU.Build.0 = Release|Any CPU
		{65243031-B827-4F62-8F38-B09C46159866}.Debug|Any CPU.ActiveCfg = Debug|Any CPU
		{65243031-B827-4F62-8F38-B09C46159866}.Debug|Any CPU.Build.0 = Debug|Any CPU
		{65243031-B827-4F62-8F38-B09C46159866}.Release|Any CPU.ActiveCfg = Release|Any CPU
		{65243031-B827-4F62-8F38-B09C46159866}.Release|Any CPU.Build.0 = Release|Any CPU
		{4233ECAE-E29C-4068-8CB3-F77996526D96}.Debug|Any CPU.ActiveCfg = Debug|Any CPU
		{4233ECAE-E29C-4068-8CB3-F77996526D96}.Debug|Any CPU.Build.0 = Debug|Any CPU
		{4233ECAE-E29C-4068-8CB3-F77996526D96}.Release|Any CPU.ActiveCfg = Release|Any CPU
		{4233ECAE-E29C-4068-8CB3-F77996526D96}.Release|Any CPU.Build.0 = Release|Any CPU
	EndGlobalSection
	GlobalSection(SolutionProperties) = preSolution
		HideSolutionNode = FALSE
	EndGlobalSection
	GlobalSection(ExtensibilityGlobals) = postSolution
		SolutionGuid = {61F7FB11-1E47-470C-91E2-47F8143E1572}
	EndGlobalSection
EndGlobal
