
Microsoft Visual Studio Solution File, Format Version 12.00
# Visual Studio Version 17
VisualStudioVersion = 17.3.32929.385
MinimumVisualStudioVersion = 10.0.40219.1
Project("{9A19103F-16F7-4668-BE54-9A1E7A4F7556}") = "TcpWindows", "TcpWindows.csproj", "{640BA89C-4034-4C44-AB11-3C4084ED9F1D}"
EndProject
Project("{9A19103F-16F7-4668-BE54-9A1E7A4F7556}") = "EyeTracker", "..\..\..\EyeTest\PFEyeTracker\ETracker\EyeTracker.csproj", "{FE0B28E1-DB6E-4C0C-AC4E-6B45EBA62FA9}"
EndProject
Project("{9A19103F-16F7-4668-BE54-9A1E7A4F7556}") = "ConnectionsMaui", "..\..\..\EyeTest\PFEyeTracker\ConnectionsMaui\ConnectionsMaui.csproj", "{889C8147-B73C-4D37-8B16-6CF563931DAD}"
EndProject
Global
	GlobalSection(SolutionConfigurationPlatforms) = preSolution
		Debug|Any CPU = Debug|Any CPU
		Release|Any CPU = Release|Any CPU
	EndGlobalSection
	GlobalSection(ProjectConfigurationPlatforms) = postSolution
		{640BA89C-4034-4C44-AB11-3C4084ED9F1D}.Debug|Any CPU.ActiveCfg = Debug|Any CPU
		{640BA89C-4034-4C44-AB11-3C4084ED9F1D}.Debug|Any CPU.Build.0 = Debug|Any CPU
		{640BA89C-4034-4C44-AB11-3C4084ED9F1D}.Debug|Any CPU.Deploy.0 = Debug|Any CPU
		{640BA89C-4034-4C44-AB11-3C4084ED9F1D}.Release|Any CPU.ActiveCfg = Release|Any CPU
		{640BA89C-4034-4C44-AB11-3C4084ED9F1D}.Release|Any CPU.Build.0 = Release|Any CPU
		{640BA89C-4034-4C44-AB11-3C4084ED9F1D}.Release|Any CPU.Deploy.0 = Release|Any CPU
		{FE0B28E1-DB6E-4C0C-AC4E-6B45EBA62FA9}.Debug|Any CPU.ActiveCfg = Debug|Any CPU
		{FE0B28E1-DB6E-4C0C-AC4E-6B45EBA62FA9}.Debug|Any CPU.Build.0 = Debug|Any CPU
		{FE0B28E1-DB6E-4C0C-AC4E-6B45EBA62FA9}.Release|Any CPU.ActiveCfg = Release|Any CPU
		{FE0B28E1-DB6E-4C0C-AC4E-6B45EBA62FA9}.Release|Any CPU.Build.0 = Release|Any CPU
		{889C8147-B73C-4D37-8B16-6CF563931DAD}.Debug|Any CPU.ActiveCfg = Debug|Any CPU
		{889C8147-B73C-4D37-8B16-6CF563931DAD}.Debug|Any CPU.Build.0 = Debug|Any CPU
		{889C8147-B73C-4D37-8B16-6CF563931DAD}.Release|Any CPU.ActiveCfg = Release|Any CPU
		{889C8147-B73C-4D37-8B16-6CF563931DAD}.Release|Any CPU.Build.0 = Release|Any CPU
	EndGlobalSection
	GlobalSection(SolutionProperties) = preSolution
		HideSolutionNode = FALSE
	EndGlobalSection
	GlobalSection(ExtensibilityGlobals) = postSolution
		SolutionGuid = {8B51AA0D-808B-4942-9BF2-169D63189BD7}
	EndGlobalSection
EndGlobal
