
Microsoft Visual Studio Solution File, Format Version 12.00
# Visual Studio Version 17
VisualStudioVersion = 17.0.31611.283
MinimumVisualStudioVersion = 10.0.40219.1
Project("{9A19103F-16F7-4668-BE54-9A1E7A4F7556}") = "Guiwindows", "Guiwindows.csproj", "{274B03A5-CB31-4BCA-9202-58F47AED092F}"
EndProject
Project("{9A19103F-16F7-4668-BE54-9A1E7A4F7556}") = "EyeTracker", "..\PFEyeTracker\ETracker\EyeTracker.csproj", "{B988C800-0664-4BA5-93C2-83B5932ED0C7}"
EndProject
Project("{9A19103F-16F7-4668-BE54-9A1E7A4F7556}") = "ConnectionsMaui", "..\PFEyeTracker\ConnectionsMaui\ConnectionsMaui.csproj", "{93199FB2-766A-497B-A778-1EA7E92ECCEB}"
EndProject
Global
	GlobalSection(SolutionConfigurationPlatforms) = preSolution
		Debug|Any CPU = Debug|Any CPU
		Debug|x64 = Debug|x64
		Release|Any CPU = Release|Any CPU
		Release|x64 = Release|x64
	EndGlobalSection
	GlobalSection(ProjectConfigurationPlatforms) = postSolution
		{274B03A5-CB31-4BCA-9202-58F47AED092F}.Debug|Any CPU.ActiveCfg = Debug|Any CPU
		{274B03A5-CB31-4BCA-9202-58F47AED092F}.Debug|Any CPU.Build.0 = Debug|Any CPU
		{274B03A5-CB31-4BCA-9202-58F47AED092F}.Debug|Any CPU.Deploy.0 = Debug|Any CPU
		{274B03A5-CB31-4BCA-9202-58F47AED092F}.Debug|x64.ActiveCfg = Debug|x64
		{274B03A5-CB31-4BCA-9202-58F47AED092F}.Debug|x64.Build.0 = Debug|x64
		{274B03A5-CB31-4BCA-9202-58F47AED092F}.Debug|x64.Deploy.0 = Debug|x64
		{274B03A5-CB31-4BCA-9202-58F47AED092F}.Release|Any CPU.ActiveCfg = Release|Any CPU
		{274B03A5-CB31-4BCA-9202-58F47AED092F}.Release|Any CPU.Build.0 = Release|Any CPU
		{274B03A5-CB31-4BCA-9202-58F47AED092F}.Release|Any CPU.Deploy.0 = Release|Any CPU
		{274B03A5-CB31-4BCA-9202-58F47AED092F}.Release|x64.ActiveCfg = Release|x64
		{274B03A5-CB31-4BCA-9202-58F47AED092F}.Release|x64.Build.0 = Release|x64
		{274B03A5-CB31-4BCA-9202-58F47AED092F}.Release|x64.Deploy.0 = Release|x64
		{B988C800-0664-4BA5-93C2-83B5932ED0C7}.Debug|Any CPU.ActiveCfg = Debug|Any CPU
		{B988C800-0664-4BA5-93C2-83B5932ED0C7}.Debug|Any CPU.Build.0 = Debug|Any CPU
		{B988C800-0664-4BA5-93C2-83B5932ED0C7}.Debug|x64.ActiveCfg = Debug|Any CPU
		{B988C800-0664-4BA5-93C2-83B5932ED0C7}.Debug|x64.Build.0 = Debug|Any CPU
		{B988C800-0664-4BA5-93C2-83B5932ED0C7}.Release|Any CPU.ActiveCfg = Release|Any CPU
		{B988C800-0664-4BA5-93C2-83B5932ED0C7}.Release|Any CPU.Build.0 = Release|Any CPU
		{B988C800-0664-4BA5-93C2-83B5932ED0C7}.Release|x64.ActiveCfg = Release|Any CPU
		{B988C800-0664-4BA5-93C2-83B5932ED0C7}.Release|x64.Build.0 = Release|Any CPU
		{93199FB2-766A-497B-A778-1EA7E92ECCEB}.Debug|Any CPU.ActiveCfg = Debug|Any CPU
		{93199FB2-766A-497B-A778-1EA7E92ECCEB}.Debug|Any CPU.Build.0 = Debug|Any CPU
		{93199FB2-766A-497B-A778-1EA7E92ECCEB}.Debug|x64.ActiveCfg = Debug|Any CPU
		{93199FB2-766A-497B-A778-1EA7E92ECCEB}.Debug|x64.Build.0 = Debug|Any CPU
		{93199FB2-766A-497B-A778-1EA7E92ECCEB}.Release|Any CPU.ActiveCfg = Release|Any CPU
		{93199FB2-766A-497B-A778-1EA7E92ECCEB}.Release|Any CPU.Build.0 = Release|Any CPU
		{93199FB2-766A-497B-A778-1EA7E92ECCEB}.Release|x64.ActiveCfg = Release|Any CPU
		{93199FB2-766A-497B-A778-1EA7E92ECCEB}.Release|x64.Build.0 = Release|Any CPU
	EndGlobalSection
	GlobalSection(SolutionProperties) = preSolution
		HideSolutionNode = FALSE
	EndGlobalSection
	GlobalSection(ExtensibilityGlobals) = postSolution
		SolutionGuid = {61F7FB11-1E47-470C-91E2-47F8143E1572}
	EndGlobalSection
EndGlobal
