
Microsoft Visual Studio Solution File, Format Version 12.00
# Visual Studio Version 17
VisualStudioVersion = 17.0.31611.283
MinimumVisualStudioVersion = 10.0.40219.1
Project("{9A19103F-16F7-4668-BE54-9A1E7A4F7556}") = "CamView", "CamView\CamView.csproj", "{1C29B281-5544-4B14-842A-F359468A89BE}"
EndProject
Project("{9A19103F-16F7-4668-BE54-9A1E7A4F7556}") = "EyeTracker", "ETracker\EyeTracker.csproj", "{CF41639C-F3AD-4861-A7B4-B1E51F41BF7D}"
EndProject
Project("{9A19103F-16F7-4668-BE54-9A1E7A4F7556}") = "ConnectionsMaui", "ConnectionsMaui\ConnectionsMaui.csproj", "{00B7E062-383B-4CFA-84AF-0D0924CE0903}"
EndProject
Project("{FAE04EC0-301F-11D3-BF4B-00C04F79EFBC}") = "TrackerConnector", "TrackerConnector\TrackerConnector.csproj", "{C5213771-2536-41C0-A26B-8315E6B26E16}"
EndProject
Global
	GlobalSection(SolutionConfigurationPlatforms) = preSolution
		Debug|Any CPU = Debug|Any CPU
		Release|Any CPU = Release|Any CPU
	EndGlobalSection
	GlobalSection(ProjectConfigurationPlatforms) = postSolution
		{1C29B281-5544-4B14-842A-F359468A89BE}.Debug|Any CPU.ActiveCfg = Debug|Any CPU
		{1C29B281-5544-4B14-842A-F359468A89BE}.Debug|Any CPU.Build.0 = Debug|Any CPU
		{1C29B281-5544-4B14-842A-F359468A89BE}.Debug|Any CPU.Deploy.0 = Debug|Any CPU
		{1C29B281-5544-4B14-842A-F359468A89BE}.Release|Any CPU.ActiveCfg = Release|Any CPU
		{1C29B281-5544-4B14-842A-F359468A89BE}.Release|Any CPU.Build.0 = Release|Any CPU
		{1C29B281-5544-4B14-842A-F359468A89BE}.Release|Any CPU.Deploy.0 = Release|Any CPU
		{CF41639C-F3AD-4861-A7B4-B1E51F41BF7D}.Debug|Any CPU.ActiveCfg = Debug|Any CPU
		{CF41639C-F3AD-4861-A7B4-B1E51F41BF7D}.Debug|Any CPU.Build.0 = Debug|Any CPU
		{CF41639C-F3AD-4861-A7B4-B1E51F41BF7D}.Release|Any CPU.ActiveCfg = Release|Any CPU
		{CF41639C-F3AD-4861-A7B4-B1E51F41BF7D}.Release|Any CPU.Build.0 = Release|Any CPU
		{00B7E062-383B-4CFA-84AF-0D0924CE0903}.Debug|Any CPU.ActiveCfg = Debug|Any CPU
		{00B7E062-383B-4CFA-84AF-0D0924CE0903}.Debug|Any CPU.Build.0 = Debug|Any CPU
		{00B7E062-383B-4CFA-84AF-0D0924CE0903}.Release|Any CPU.ActiveCfg = Release|Any CPU
		{00B7E062-383B-4CFA-84AF-0D0924CE0903}.Release|Any CPU.Build.0 = Release|Any CPU
		{C5213771-2536-41C0-A26B-8315E6B26E16}.Debug|Any CPU.ActiveCfg = Debug|Any CPU
		{C5213771-2536-41C0-A26B-8315E6B26E16}.Debug|Any CPU.Build.0 = Debug|Any CPU
		{C5213771-2536-41C0-A26B-8315E6B26E16}.Release|Any CPU.ActiveCfg = Release|Any CPU
		{C5213771-2536-41C0-A26B-8315E6B26E16}.Release|Any CPU.Build.0 = Release|Any CPU
	EndGlobalSection
	GlobalSection(SolutionProperties) = preSolution
		HideSolutionNode = FALSE
	EndGlobalSection
	GlobalSection(ExtensibilityGlobals) = postSolution
		SolutionGuid = {61F7FB11-1E47-470C-91E2-47F8143E1572}
	EndGlobalSection
EndGlobal
